<?xml version="1.0" encoding="utf-8"?>
<Project ToolsVersion="4.0" xmlns="http://schemas.microsoft.com/developer/msbuild/2003">
  <ItemGroup>
    <Filter Include="Source Files">
      <UniqueIdentifier>{4FC737F1-C7A5-4376-A066-2A32D752A2FF}</UniqueIdentifier>
      <Extensions>cpp;c;cc;cxx;def;odl;idl;hpj;bat;asm;asmx</Extensions>
    </Filter>
    <Filter Include="Header Files">
      <UniqueIdentifier>{93995380-89BD-4b04-88EB-625FBE52EBFB}</UniqueIdentifier>
      <Extensions>h;hh;hpp;hxx;hm;inl;inc;ipp;xsd</Extensions>
    </Filter>
    <Filter Include="Resource Files">
      <UniqueIdentifier>{67DA6AB6-F800-4c08-8B7A-83BB121AAD01}</UniqueIdentifier>
      <Extensions>rc;ico;cur;bmp;dlg;rc2;rct;bin;rgs;gif;jpg;jpeg;jpe;resx;tiff;tif;png;wav;mfcribbon-ms</Extensions>
    </Filter>
    <Filter Include="Header Files\Components">
      <UniqueIdentifier>{b83b01a6-b374-49b4-b5d5-b1d4fedd9a12}</UniqueIdentifier>
    </Filter>
    <Filter Include="Header Files\CollisionHandlers">
      <UniqueIdentifier>{14dbebdc-6fd1-4061-b4cb-bc25945ce44e}</UniqueIdentifier>
    </Filter>
    <Filter Include="Source Files\Components">
      <UniqueIdentifier>{f72346cb-d628-4a85-ac71-76fdbbe0e537}</UniqueIdentifier>
    </Filter>
    <Filter Include="Source Files\CollisionHandlers">
      <UniqueIdentifier>{a69e4f61-2cf9-4eed-8b19-9c19e50981ec}</UniqueIdentifier>
    </Filter>
    <Filter Include="Header Files\Scenes">
      <UniqueIdentifier>{9da36eaf-87e7-45af-9aed-7997856bc4f3}</UniqueIdentifier>
    </Filter>
    <Filter Include="Source Files\Scenes">
      <UniqueIdentifier>{ee3fe1d5-332b-47c0-929b-f3a405df1708}</UniqueIdentifier>
    </Filter>
    <Filter Include="Header Files\ButtonCommands">
      <UniqueIdentifier>{e4065765-a809-4f4d-8261-4ca63380a710}</UniqueIdentifier>
    </Filter>
    <Filter Include="Source Files\ButtonCommands">
      <UniqueIdentifier>{79cd31f4-576e-4162-838a-2cc3fdcb2cb7}</UniqueIdentifier>
    </Filter>
    <Filter Include="Source Files\ProjectileBehaviors">
      <UniqueIdentifier>{35c69450-1445-455a-8430-5577a60e3074}</UniqueIdentifier>
    </Filter>
    <Filter Include="Header Files\ProjectileBehaviors">
      <UniqueIdentifier>{b78a9439-b093-4234-b1fd-02d87183f4e3}</UniqueIdentifier>
    </Filter>
    <Filter Include="Header Files\ParticleBehaviors">
      <UniqueIdentifier>{40c87fb6-7824-4317-acd6-d1f1cb2ad3d2}</UniqueIdentifier>
    </Filter>
    <Filter Include="Source Files\ParticleBehaviors">
      <UniqueIdentifier>{563a0524-c49f-4c57-b1c9-6ce5ce926160}</UniqueIdentifier>
    </Filter>
  </ItemGroup>
  <ItemGroup>
    <ClCompile Include="Source.cpp">
      <Filter>Source Files</Filter>
    </ClCompile>
    <ClCompile Include="GameObject.cpp">
      <Filter>Source Files</Filter>
    </ClCompile>
    <ClCompile Include="ObjectTree.cpp">
      <Filter>Source Files</Filter>
    </ClCompile>
    <ClCompile Include="ObjectTreeNode.cpp">
      <Filter>Source Files</Filter>
    </ClCompile>
    <ClCompile Include="ProjectileManager.cpp">
      <Filter>Source Files</Filter>
    </ClCompile>
    <ClCompile Include="World.cpp">
      <Filter>Source Files</Filter>
    </ClCompile>
    <ClCompile Include="AnimationComponent.cpp">
      <Filter>Source Files\Components</Filter>
    </ClCompile>
    <ClCompile Include="CollisionComponent.cpp">
      <Filter>Source Files\Components</Filter>
    </ClCompile>
    <ClCompile Include="ParticleSystemComponent.cpp">
      <Filter>Source Files\Components</Filter>
    </ClCompile>
    <ClCompile Include="PhysicsComponent.cpp">
      <Filter>Source Files\Components</Filter>
    </ClCompile>
    <ClCompile Include="PlayerComponent.cpp">
      <Filter>Source Files\Components</Filter>
    </ClCompile>
    <ClCompile Include="ProjectileComponent.cpp">
      <Filter>Source Files\Components</Filter>
    </ClCompile>
    <ClCompile Include="RenderComponent.cpp">
      <Filter>Source Files\Components</Filter>
    </ClCompile>
    <ClCompile Include="ButtonComponent.cpp">
      <Filter>Source Files\Components</Filter>
    </ClCompile>
    <ClCompile Include="MainScene.cpp">
      <Filter>Source Files\Scenes</Filter>
    </ClCompile>
    <ClCompile Include="TextureDatabase.cpp">
      <Filter>Source Files</Filter>
    </ClCompile>
    <ClCompile Include="TitleScene.cpp">
      <Filter>Source Files\Scenes</Filter>
    </ClCompile>
    <ClCompile Include="PauseScene.cpp">
      <Filter>Source Files\Scenes</Filter>
    </ClCompile>
    <ClCompile Include="SceneManager.cpp">
      <Filter>Source Files</Filter>
    </ClCompile>
    <ClCompile Include="ToTitleCommand.cpp">
      <Filter>Source Files\ButtonCommands</Filter>
    </ClCompile>
    <ClCompile Include="FileManager.cpp">
      <Filter>Source Files</Filter>
    </ClCompile>
    <ClCompile Include="ToNewGameCommand.cpp">
      <Filter>Source Files\ButtonCommands</Filter>
    </ClCompile>
    <ClCompile Include="ContinueGameCommand.cpp">
      <Filter>Source Files\ButtonCommands</Filter>
    </ClCompile>
    <ClCompile Include="ExitGameCommand.cpp">
      <Filter>Source Files\ButtonCommands</Filter>
    </ClCompile>
    <ClCompile Include="UnpauseCommand.cpp">
      <Filter>Source Files\ButtonCommands</Filter>
    </ClCompile>
    <ClCompile Include="PlayerProjectileBehavior.cpp">
      <Filter>Source Files\ProjectileBehaviors</Filter>
    </ClCompile>
    <ClCompile Include="PlayerCollisionHandler.cpp">
      <Filter>Source Files\CollisionHandlers</Filter>
    </ClCompile>
    <ClCompile Include="PlayerProjectileCollisionHandler.cpp">
      <Filter>Source Files\CollisionHandlers</Filter>
    </ClCompile>
    <ClCompile Include="ParticleComponent.cpp">
      <Filter>Source Files\Components</Filter>
    </ClCompile>
    <ClCompile Include="ParticleBehavior.cpp">
      <Filter>Source Files\ParticleBehaviors</Filter>
    </ClCompile>
    <ClCompile Include="StraightParticleBehavior.cpp">
      <Filter>Source Files\ParticleBehaviors</Filter>
    </ClCompile>
    <ClCompile Include="ParticleSystemParams.cpp">
      <Filter>Source Files\Components</Filter>
    </ClCompile>
    <ClCompile Include="ReboundCollisionHandler.cpp">
      <Filter>Source Files\CollisionHandlers</Filter>
    </ClCompile>
    <ClCompile Include="CollisionHandlers.cpp">
      <Filter>Source Files\CollisionHandlers</Filter>
    </ClCompile>
    <ClCompile Include="ReboundProjectileBehavior.cpp">
      <Filter>Source Files\ProjectileBehaviors</Filter>
    </ClCompile>
  </ItemGroup>
  <ItemGroup>
    <ClInclude Include="GameObject.h">
      <Filter>Header Files</Filter>
    </ClInclude>
    <ClInclude Include="ObjectTree.h">
      <Filter>Header Files</Filter>
    </ClInclude>
    <ClInclude Include="ObjectTreeNode.h">
      <Filter>Header Files</Filter>
    </ClInclude>
    <ClInclude Include="ProjectileManager.h">
      <Filter>Header Files</Filter>
    </ClInclude>
    <ClInclude Include="World.h">
      <Filter>Header Files</Filter>
    </ClInclude>
    <ClInclude Include="Component.h">
      <Filter>Header Files\Components</Filter>
    </ClInclude>
    <ClInclude Include="AnimationComponent.h">
      <Filter>Header Files\Components</Filter>
    </ClInclude>
    <ClInclude Include="BossComponent.h">
      <Filter>Header Files\Components</Filter>
    </ClInclude>
    <ClInclude Include="CollisionComponent.h">
      <Filter>Header Files\Components</Filter>
    </ClInclude>
    <ClInclude Include="ParticleSystemComponent.h">
      <Filter>Header Files\Components</Filter>
    </ClInclude>
    <ClInclude Include="PhysicsComponent.h">
      <Filter>Header Files\Components</Filter>
    </ClInclude>
    <ClInclude Include="PlayerComponent.h">
      <Filter>Header Files\Components</Filter>
    </ClInclude>
    <ClInclude Include="ProjectileComponent.h">
      <Filter>Header Files\Components</Filter>
    </ClInclude>
    <ClInclude Include="RenderComponent.h">
      <Filter>Header Files\Components</Filter>
    </ClInclude>
    <ClInclude Include="CollisionHandlers.h">
      <Filter>Header Files\CollisionHandlers</Filter>
    </ClInclude>
    <ClInclude Include="ButtonComponent.h">
      <Filter>Header Files\Components</Filter>
    </ClInclude>
    <ClInclude Include="Scene.h">
      <Filter>Header Files\Scenes</Filter>
    </ClInclude>
    <ClInclude Include="MainScene.h">
      <Filter>Header Files\Scenes</Filter>
    </ClInclude>
    <ClInclude Include="TextureDatabase.h">
      <Filter>Header Files</Filter>
    </ClInclude>
    <ClInclude Include="TitleScene.h">
      <Filter>Header Files\Scenes</Filter>
    </ClInclude>
    <ClInclude Include="PauseScene.h">
      <Filter>Header Files\Scenes</Filter>
    </ClInclude>
    <ClInclude Include="ButtonCommand.h">
      <Filter>Header Files\ButtonCommands</Filter>
    </ClInclude>
    <ClInclude Include="SceneManager.h">
      <Filter>Header Files</Filter>
    </ClInclude>
    <ClInclude Include="ToTitleCommand.h">
      <Filter>Header Files\ButtonCommands</Filter>
    </ClInclude>
    <ClInclude Include="FileManager.h">
      <Filter>Header Files</Filter>
    </ClInclude>
    <ClInclude Include="ToNewGameCommand.h">
      <Filter>Header Files\ButtonCommands</Filter>
    </ClInclude>
    <ClInclude Include="ContinueGameCommand.h">
      <Filter>Header Files\ButtonCommands</Filter>
    </ClInclude>
    <ClInclude Include="ExitGameCommand.h">
      <Filter>Header Files\ButtonCommands</Filter>
    </ClInclude>
    <ClInclude Include="UnpauseCommand.h">
      <Filter>Header Files\ButtonCommands</Filter>
    </ClInclude>
    <ClInclude Include="ProjectileBehavior.h">
      <Filter>Header Files\ProjectileBehaviors</Filter>
    </ClInclude>
    <ClInclude Include="PlayerProjectileBehavior.h">
      <Filter>Header Files\ProjectileBehaviors</Filter>
    </ClInclude>
    <ClInclude Include="PlayerCollisionHandler.h">
      <Filter>Header Files\CollisionHandlers</Filter>
    </ClInclude>
    <ClInclude Include="PlayerProjectileCollisionHandler.h">
      <Filter>Header Files\CollisionHandlers</Filter>
    </ClInclude>
    <ClInclude Include="ParticleComponent.h">
      <Filter>Header Files\Components</Filter>
    </ClInclude>
    <ClInclude Include="ParticleBehavior.h">
      <Filter>Header Files\ParticleBehaviors</Filter>
    </ClInclude>
    <ClInclude Include="StraightParticleBehavior.h">
      <Filter>Header Files\ParticleBehaviors</Filter>
    </ClInclude>
    <ClInclude Include="ParticleSystemParams.h">
      <Filter>Header Files\Components</Filter>
    </ClInclude>
    <ClInclude Include="ReboundCollisionHandler.h">
      <Filter>Header Files\CollisionHandlers</Filter>
    </ClInclude>
    <ClInclude Include="ReboundProjectileBehavior.h">
      <Filter>Header Files\ProjectileBehaviors</Filter>
    </ClInclude>
  </ItemGroup>
</Project>